dependencies:
- name: external-dns
  repository: https://charts.bitnami.com/bitnami
  version: 9.0.3
- name: external-dns
  repository: https://charts.bitnami.com/bitnami
  version: 9.0.3
- name: app-template
  repository: https://bjw-s-labs.github.io/helm-charts/
  version: 3.7.3
digest: sha256:e51daae56c5e976e11d1e54a96f76ee53f9c520512322be61106faae6feb64f8
generated: "2026-04-06T18:04:42.025421175-04:00"
